
Microsoft Visual Studio Solution File, Format Version 12.00
# Visual Studio Version 16
VisualStudioVersion = 16.0.30128.74
MinimumVisualStudioVersion = 10.0.40219.1
Project("{2150E333-8FDC-42A3-9474-1A3956D46DE8}") = "src", "src", "{723AA3F6-484E-44C2-8861-F695EA9201CA}"
EndProject
Project("{2150E333-8FDC-42A3-9474-1A3956D46DE8}") = "test", "test", "{E9BAB8DB-B465-416F-8179-9C65615625C3}"
EndProject
Project("{9A19103F-16F7-4668-BE54-9A1E7A4F7556}") = "3_ProteusDemoRazor.Application", "src\ProteusDemoRazor.Application\3_ProteusDemoRazor.Application.csproj", "{1528B34C-8B4B-4916-B4B9-60F785FA966D}"
EndProject
Project("{9A19103F-16F7-4668-BE54-9A1E7A4F7556}") = "1_ProteusDemoRazor.Core", "src\ProteusDemoRazor.Core\1_ProteusDemoRazor.Core.csproj", "{8B117EA6-84C5-4A2D-8C93-FDCE38018186}"
EndProject
Project("{9A19103F-16F7-4668-BE54-9A1E7A4F7556}") = "2_ProteusDemoRazor.Infrastructure", "src\ProteusDemoRazor.Infrastructure\2_ProteusDemoRazor.Infrastructure.csproj", "{87C87D21-BAC7-4159-B7D1-B328C9823DAB}"
EndProject
Project("{9A19103F-16F7-4668-BE54-9A1E7A4F7556}") = "4_ProteusDemoRazor.UI", "src\ProteusDemoRazor.UI\4_ProteusDemoRazor.UI.csproj", "{C4FD2538-7E6B-42EE-9F67-FB12B2AE7C2C}"
EndProject
Project("{9A19103F-16F7-4668-BE54-9A1E7A4F7556}") = "1_Proteus.Core.Tests", "test\Proteus.Core.Tests\1_Proteus.Core.Tests.csproj", "{4AFE47AA-CC96-4D3B-B0DC-FEA8E2129046}"
EndProject
Project("{9A19103F-16F7-4668-BE54-9A1E7A4F7556}") = "2_Proteus.Infrastructure.Tests", "test\Proteus.Infrastructure.Tests\2_Proteus.Infrastructure.Tests.csproj", "{51CE4E2B-5568-415B-9CB2-9878B21CDD42}"
EndProject
Project("{9A19103F-16F7-4668-BE54-9A1E7A4F7556}") = "4_Proteus.UI.Tests", "test\Proteus.UI.Tests\4_Proteus.UI.Tests.csproj", "{2E541625-8ABB-40F6-B8E0-1D666050106A}"
EndProject
Project("{9A19103F-16F7-4668-BE54-9A1E7A4F7556}") = "3_Proteus.Application.Tests", "test\Proteus.Application.Tests\3_Proteus.Application.Tests.csproj", "{C2CDEE0B-5F3C-4B4F-A752-3B2CCFB7D66B}"
EndProject
Global
	GlobalSection(SolutionConfigurationPlatforms) = preSolution
		Debug|Any CPU = Debug|Any CPU
		Release|Any CPU = Release|Any CPU
	EndGlobalSection
	GlobalSection(ProjectConfigurationPlatforms) = postSolution
		{1528B34C-8B4B-4916-B4B9-60F785FA966D}.Debug|Any CPU.ActiveCfg = Debug|Any CPU
		{1528B34C-8B4B-4916-B4B9-60F785FA966D}.Debug|Any CPU.Build.0 = Debug|Any CPU
		{1528B34C-8B4B-4916-B4B9-60F785FA966D}.Release|Any CPU.ActiveCfg = Release|Any CPU
		{1528B34C-8B4B-4916-B4B9-60F785FA966D}.Release|Any CPU.Build.0 = Release|Any CPU
		{8B117EA6-84C5-4A2D-8C93-FDCE38018186}.Debug|Any CPU.ActiveCfg = Debug|Any CPU
		{8B117EA6-84C5-4A2D-8C93-FDCE38018186}.Debug|Any CPU.Build.0 = Debug|Any CPU
		{8B117EA6-84C5-4A2D-8C93-FDCE38018186}.Release|Any CPU.ActiveCfg = Release|Any CPU
		{8B117EA6-84C5-4A2D-8C93-FDCE38018186}.Release|Any CPU.Build.0 = Release|Any CPU
		{87C87D21-BAC7-4159-B7D1-B328C9823DAB}.Debug|Any CPU.ActiveCfg = Debug|Any CPU
		{87C87D21-BAC7-4159-B7D1-B328C9823DAB}.Debug|Any CPU.Build.0 = Debug|Any CPU
		{87C87D21-BAC7-4159-B7D1-B328C9823DAB}.Release|Any CPU.ActiveCfg = Release|Any CPU
		{87C87D21-BAC7-4159-B7D1-B328C9823DAB}.Release|Any CPU.Build.0 = Release|Any CPU
		{C4FD2538-7E6B-42EE-9F67-FB12B2AE7C2C}.Debug|Any CPU.ActiveCfg = Debug|Any CPU
		{C4FD2538-7E6B-42EE-9F67-FB12B2AE7C2C}.Debug|Any CPU.Build.0 = Debug|Any CPU
		{C4FD2538-7E6B-42EE-9F67-FB12B2AE7C2C}.Release|Any CPU.ActiveCfg = Release|Any CPU
		{C4FD2538-7E6B-42EE-9F67-FB12B2AE7C2C}.Release|Any CPU.Build.0 = Release|Any CPU
		{4AFE47AA-CC96-4D3B-B0DC-FEA8E2129046}.Debug|Any CPU.ActiveCfg = Debug|Any CPU
		{4AFE47AA-CC96-4D3B-B0DC-FEA8E2129046}.Debug|Any CPU.Build.0 = Debug|Any CPU
		{4AFE47AA-CC96-4D3B-B0DC-FEA8E2129046}.Release|Any CPU.ActiveCfg = Release|Any CPU
		{4AFE47AA-CC96-4D3B-B0DC-FEA8E2129046}.Release|Any CPU.Build.0 = Release|Any CPU
		{51CE4E2B-5568-415B-9CB2-9878B21CDD42}.Debug|Any CPU.ActiveCfg = Debug|Any CPU
		{51CE4E2B-5568-415B-9CB2-9878B21CDD42}.Debug|Any CPU.Build.0 = Debug|Any CPU
		{51CE4E2B-5568-415B-9CB2-9878B21CDD42}.Release|Any CPU.ActiveCfg = Release|Any CPU
		{51CE4E2B-5568-415B-9CB2-9878B21CDD42}.Release|Any CPU.Build.0 = Release|Any CPU
		{2E541625-8ABB-40F6-B8E0-1D666050106A}.Debug|Any CPU.ActiveCfg = Debug|Any CPU
		{2E541625-8ABB-40F6-B8E0-1D666050106A}.Debug|Any CPU.Build.0 = Debug|Any CPU
		{2E541625-8ABB-40F6-B8E0-1D666050106A}.Release|Any CPU.ActiveCfg = Release|Any CPU
		{2E541625-8ABB-40F6-B8E0-1D666050106A}.Release|Any CPU.Build.0 = Release|Any CPU
		{C2CDEE0B-5F3C-4B4F-A752-3B2CCFB7D66B}.Debug|Any CPU.ActiveCfg = Debug|Any CPU
		{C2CDEE0B-5F3C-4B4F-A752-3B2CCFB7D66B}.Debug|Any CPU.Build.0 = Debug|Any CPU
		{C2CDEE0B-5F3C-4B4F-A752-3B2CCFB7D66B}.Release|Any CPU.ActiveCfg = Release|Any CPU
		{C2CDEE0B-5F3C-4B4F-A752-3B2CCFB7D66B}.Release|Any CPU.Build.0 = Release|Any CPU
	EndGlobalSection
	GlobalSection(SolutionProperties) = preSolution
		HideSolutionNode = FALSE
	EndGlobalSection
	GlobalSection(NestedProjects) = preSolution
		{1528B34C-8B4B-4916-B4B9-60F785FA966D} = {723AA3F6-484E-44C2-8861-F695EA9201CA}
		{8B117EA6-84C5-4A2D-8C93-FDCE38018186} = {723AA3F6-484E-44C2-8861-F695EA9201CA}
		{87C87D21-BAC7-4159-B7D1-B328C9823DAB} = {723AA3F6-484E-44C2-8861-F695EA9201CA}
		{C4FD2538-7E6B-42EE-9F67-FB12B2AE7C2C} = {723AA3F6-484E-44C2-8861-F695EA9201CA}
		{4AFE47AA-CC96-4D3B-B0DC-FEA8E2129046} = {E9BAB8DB-B465-416F-8179-9C65615625C3}
		{51CE4E2B-5568-415B-9CB2-9878B21CDD42} = {E9BAB8DB-B465-416F-8179-9C65615625C3}
		{2E541625-8ABB-40F6-B8E0-1D666050106A} = {E9BAB8DB-B465-416F-8179-9C65615625C3}
		{C2CDEE0B-5F3C-4B4F-A752-3B2CCFB7D66B} = {E9BAB8DB-B465-416F-8179-9C65615625C3}
	EndGlobalSection
	GlobalSection(ExtensibilityGlobals) = postSolution
		SolutionGuid = {8AAA1B83-BBB7-4B8E-8049-B945933668AB}
	EndGlobalSection
EndGlobal
